
Microsoft Visual Studio Solution File, Format Version 12.00
# Visual Studio 14
VisualStudioVersion = 14.0.25420.1
MinimumVisualStudioVersion = 10.0.40219.1
Project("{FAE04EC0-301F-11D3-BF4B-00C04F79EFBC}") = "Client", "Client\Client.csproj", "{4B9D8DEA-2133-48CF-B38A-74A427158BFE}"
EndProject
Project("{FAE04EC0-301F-11D3-BF4B-00C04F79EFBC}") = "Models", "Models\Models.csproj", "{04289213-BDA4-4C1A-A81D-A5508DF108B5}"
EndProject
Project("{FAE04EC0-301F-11D3-BF4B-00C04F79EFBC}") = "Data", "Data\Data.csproj", "{520AD25C-6A18-4449-A5F5-672B6271CB53}"
EndProject
Global
	GlobalSection(SolutionConfigurationPlatforms) = preSolution
		Debug|Any CPU = Debug|Any CPU
		Release|Any CPU = Release|Any CPU
	EndGlobalSection
	GlobalSection(ProjectConfigurationPlatforms) = postSolution
		{4B9D8DEA-2133-48CF-B38A-74A427158BFE}.Debug|Any CPU.ActiveCfg = Debug|Any CPU
		{4B9D8DEA-2133-48CF-B38A-74A427158BFE}.Debug|Any CPU.Build.0 = Debug|Any CPU
		{4B9D8DEA-2133-48CF-B38A-74A427158BFE}.Release|Any CPU.ActiveCfg = Release|Any CPU
		{4B9D8DEA-2133-48CF-B38A-74A427158BFE}.Release|Any CPU.Build.0 = Release|Any CPU
		{04289213-BDA4-4C1A-A81D-A5508DF108B5}.Debug|Any CPU.ActiveCfg = Debug|Any CPU
		{04289213-BDA4-4C1A-A81D-A5508DF108B5}.Debug|Any CPU.Build.0 = Debug|Any CPU
		{04289213-BDA4-4C1A-A81D-A5508DF108B5}.Release|Any CPU.ActiveCfg = Release|Any CPU
		{04289213-BDA4-4C1A-A81D-A5508DF108B5}.Release|Any CPU.Build.0 = Release|Any CPU
		{520AD25C-6A18-4449-A5F5-672B6271CB53}.Debug|Any CPU.ActiveCfg = Debug|Any CPU
		{520AD25C-6A18-4449-A5F5-672B6271CB53}.Debug|Any CPU.Build.0 = Debug|Any CPU
		{520AD25C-6A18-4449-A5F5-672B6271CB53}.Release|Any CPU.ActiveCfg = Release|Any CPU
		{520AD25C-6A18-4449-A5F5-672B6271CB53}.Release|Any CPU.Build.0 = Release|Any CPU
	EndGlobalSection
	GlobalSection(SolutionProperties) = preSolution
		HideSolutionNode = FALSE
	EndGlobalSection
EndGlobal
