
Microsoft Visual Studio Solution File, Format Version 12.00
# Visual Studio 14
VisualStudioVersion = 14.0.25420.1
MinimumVisualStudioVersion = 10.0.40219.1
Project("{FAE04EC0-301F-11D3-BF4B-00C04F79EFBC}") = "Client", "Client\Client.csproj", "{EBFB5DA9-CC41-467B-930E-EF42C94E177A}"
EndProject
Project("{FAE04EC0-301F-11D3-BF4B-00C04F79EFBC}") = "Models", "Models\Models.csproj", "{B7E20B47-D6D4-4481-A940-76007673DD87}"
EndProject
Project("{FAE04EC0-301F-11D3-BF4B-00C04F79EFBC}") = "Data", "Data\Data.csproj", "{6CE25FB5-246B-4381-93BD-4D7FF8E9D314}"
EndProject
Global
	GlobalSection(SolutionConfigurationPlatforms) = preSolution
		Debug|Any CPU = Debug|Any CPU
		Release|Any CPU = Release|Any CPU
	EndGlobalSection
	GlobalSection(ProjectConfigurationPlatforms) = postSolution
		{EBFB5DA9-CC41-467B-930E-EF42C94E177A}.Debug|Any CPU.ActiveCfg = Debug|Any CPU
		{EBFB5DA9-CC41-467B-930E-EF42C94E177A}.Debug|Any CPU.Build.0 = Debug|Any CPU
		{EBFB5DA9-CC41-467B-930E-EF42C94E177A}.Release|Any CPU.ActiveCfg = Release|Any CPU
		{EBFB5DA9-CC41-467B-930E-EF42C94E177A}.Release|Any CPU.Build.0 = Release|Any CPU
		{B7E20B47-D6D4-4481-A940-76007673DD87}.Debug|Any CPU.ActiveCfg = Debug|Any CPU
		{B7E20B47-D6D4-4481-A940-76007673DD87}.Debug|Any CPU.Build.0 = Debug|Any CPU
		{B7E20B47-D6D4-4481-A940-76007673DD87}.Release|Any CPU.ActiveCfg = Release|Any CPU
		{B7E20B47-D6D4-4481-A940-76007673DD87}.Release|Any CPU.Build.0 = Release|Any CPU
		{6CE25FB5-246B-4381-93BD-4D7FF8E9D314}.Debug|Any CPU.ActiveCfg = Debug|Any CPU
		{6CE25FB5-246B-4381-93BD-4D7FF8E9D314}.Debug|Any CPU.Build.0 = Debug|Any CPU
		{6CE25FB5-246B-4381-93BD-4D7FF8E9D314}.Release|Any CPU.ActiveCfg = Release|Any CPU
		{6CE25FB5-246B-4381-93BD-4D7FF8E9D314}.Release|Any CPU.Build.0 = Release|Any CPU
	EndGlobalSection
	GlobalSection(SolutionProperties) = preSolution
		HideSolutionNode = FALSE
	EndGlobalSection
EndGlobal
