
Microsoft Visual Studio Solution File, Format Version 12.00
# Visual Studio 15
VisualStudioVersion = 15.0.26228.9
MinimumVisualStudioVersion = 10.0.40219.1
Project("{FAE04EC0-301F-11D3-BF4B-00C04F79EFBC}") = "AlgoComplexityAndLinearDS", "AlgoComplexityAndLinearDS\AlgoComplexityAndLinearDS.csproj", "{FE3B2D2D-A1BB-4C38-9E3D-FE9B3A4A8706}"
EndProject
Global
	GlobalSection(SolutionConfigurationPlatforms) = preSolution
		Debug|Any CPU = Debug|Any CPU
		Release|Any CPU = Release|Any CPU
	EndGlobalSection
	GlobalSection(ProjectConfigurationPlatforms) = postSolution
		{FE3B2D2D-A1BB-4C38-9E3D-FE9B3A4A8706}.Debug|Any CPU.ActiveCfg = Debug|Any CPU
		{FE3B2D2D-A1BB-4C38-9E3D-FE9B3A4A8706}.Debug|Any CPU.Build.0 = Debug|Any CPU
		{FE3B2D2D-A1BB-4C38-9E3D-FE9B3A4A8706}.Release|Any CPU.ActiveCfg = Release|Any CPU
		{FE3B2D2D-A1BB-4C38-9E3D-FE9B3A4A8706}.Release|Any CPU.Build.0 = Release|Any CPU
	EndGlobalSection
	GlobalSection(SolutionProperties) = preSolution
		HideSolutionNode = FALSE
	EndGlobalSection
EndGlobal
