
Microsoft Visual Studio Solution File, Format Version 12.00
# Visual Studio 15
VisualStudioVersion = 15.0.26228.9
MinimumVisualStudioVersion = 10.0.40219.1
Project("{2150E333-8FDC-42A3-9474-1A3956D46DE8}") = "Lab", "Lab", "{EDCDBDD4-0E2A-4D6F-972C-C4AD09D8712B}"
EndProject
Project("{2150E333-8FDC-42A3-9474-1A3956D46DE8}") = "Exercises", "Exercises", "{F5EE8DF1-21D7-4FB3-8172-B37472E8BACC}"
EndProject
Project("{FAE04EC0-301F-11D3-BF4B-00C04F79EFBC}") = "Trees", "Trees\Trees\Trees.csproj", "{0A73A822-C139-4698-AE8B-3A789B6A22CC}"
EndProject
Project("{FAE04EC0-301F-11D3-BF4B-00C04F79EFBC}") = "UnitTests", "UnitTests.Tree\UnitTests.csproj", "{9EBA353D-1CAB-454B-99B8-E6939329F191}"
EndProject
Global
	GlobalSection(SolutionConfigurationPlatforms) = preSolution
		Debug|Any CPU = Debug|Any CPU
		Release|Any CPU = Release|Any CPU
	EndGlobalSection
	GlobalSection(ProjectConfigurationPlatforms) = postSolution
		{0A73A822-C139-4698-AE8B-3A789B6A22CC}.Debug|Any CPU.ActiveCfg = Debug|Any CPU
		{0A73A822-C139-4698-AE8B-3A789B6A22CC}.Debug|Any CPU.Build.0 = Debug|Any CPU
		{0A73A822-C139-4698-AE8B-3A789B6A22CC}.Release|Any CPU.ActiveCfg = Release|Any CPU
		{0A73A822-C139-4698-AE8B-3A789B6A22CC}.Release|Any CPU.Build.0 = Release|Any CPU
		{9EBA353D-1CAB-454B-99B8-E6939329F191}.Debug|Any CPU.ActiveCfg = Debug|Any CPU
		{9EBA353D-1CAB-454B-99B8-E6939329F191}.Debug|Any CPU.Build.0 = Debug|Any CPU
		{9EBA353D-1CAB-454B-99B8-E6939329F191}.Release|Any CPU.ActiveCfg = Release|Any CPU
		{9EBA353D-1CAB-454B-99B8-E6939329F191}.Release|Any CPU.Build.0 = Release|Any CPU
	EndGlobalSection
	GlobalSection(SolutionProperties) = preSolution
		HideSolutionNode = FALSE
	EndGlobalSection
	GlobalSection(NestedProjects) = preSolution
		{0A73A822-C139-4698-AE8B-3A789B6A22CC} = {EDCDBDD4-0E2A-4D6F-972C-C4AD09D8712B}
		{9EBA353D-1CAB-454B-99B8-E6939329F191} = {EDCDBDD4-0E2A-4D6F-972C-C4AD09D8712B}
	EndGlobalSection
EndGlobal
