
Microsoft Visual Studio Solution File, Format Version 12.00
# Visual Studio 15
VisualStudioVersion = 15.0.26228.9
MinimumVisualStudioVersion = 10.0.40219.1
Project("{2150E333-8FDC-42A3-9474-1A3956D46DE8}") = "Lab", "Lab", "{EDCDBDD4-0E2A-4D6F-972C-C4AD09D8712B}"
EndProject
Project("{2150E333-8FDC-42A3-9474-1A3956D46DE8}") = "Exercises", "Exercises", "{F5EE8DF1-21D7-4FB3-8172-B37472E8BACC}"
EndProject
Project("{FAE04EC0-301F-11D3-BF4B-00C04F79EFBC}") = "Trees", "Trees\Trees\Trees.csproj", "{0A73A822-C139-4698-AE8B-3A789B6A22CC}"
EndProject
Project("{FAE04EC0-301F-11D3-BF4B-00C04F79EFBC}") = "UnitTests", "UnitTests.Tree\UnitTests.csproj", "{9EBA353D-1CAB-454B-99B8-E6939329F191}"
EndProject
Project("{FAE04EC0-301F-11D3-BF4B-00C04F79EFBC}") = "BinarySearchTree", "BinarySearchTree\BinarySearchTree.csproj", "{535B6A0A-8ED5-4580-ABAE-CD7E251578F8}"
EndProject
Project("{2150E333-8FDC-42A3-9474-1A3956D46DE8}") = "BasicTrees", "BasicTrees", "{8D73527E-093B-40A6-B7FF-557FD4776814}"
EndProject
Project("{2150E333-8FDC-42A3-9474-1A3956D46DE8}") = "BinarySearchTrees", "BinarySearchTrees", "{37511222-F988-485D-8EBD-51DF5B16BE3A}"
EndProject
Project("{FAE04EC0-301F-11D3-BF4B-00C04F79EFBC}") = "Engine", "Engine\Engine.csproj", "{898632ED-A492-4401-91F0-DF7774B65EFF}"
EndProject
Project("{2150E333-8FDC-42A3-9474-1A3956D46DE8}") = "BasicTrees", "BasicTrees", "{C0AC018E-DC22-4C67-9B1D-38AFACBA15EE}"
EndProject
Project("{2150E333-8FDC-42A3-9474-1A3956D46DE8}") = "RedBlackTrees", "RedBlackTrees", "{E3B24B6F-9363-4683-A64D-EBFCDA4CAF61}"
EndProject
Project("{2150E333-8FDC-42A3-9474-1A3956D46DE8}") = "BAndRedBlackTrees", "BAndRedBlackTrees", "{379A2B75-39F8-48D1-830A-0B0B8817E0DE}"
EndProject
Project("{FAE04EC0-301F-11D3-BF4B-00C04F79EFBC}") = "RedBlackTree.Tests", "RedBlackTree.Tests\RedBlackTree.Tests.csproj", "{AB7F9C0D-A7CD-4D75-A896-E09AA21C5EED}"
EndProject
Project("{FAE04EC0-301F-11D3-BF4B-00C04F79EFBC}") = "RedBlackTree", "RedBlackTree\RedBlackTree.csproj", "{57FF1047-A415-467C-AA41-706E4BAC439F}"
EndProject
Global
	GlobalSection(SolutionConfigurationPlatforms) = preSolution
		Debug|Any CPU = Debug|Any CPU
		Release|Any CPU = Release|Any CPU
	EndGlobalSection
	GlobalSection(ProjectConfigurationPlatforms) = postSolution
		{0A73A822-C139-4698-AE8B-3A789B6A22CC}.Debug|Any CPU.ActiveCfg = Debug|Any CPU
		{0A73A822-C139-4698-AE8B-3A789B6A22CC}.Debug|Any CPU.Build.0 = Debug|Any CPU
		{0A73A822-C139-4698-AE8B-3A789B6A22CC}.Release|Any CPU.ActiveCfg = Release|Any CPU
		{0A73A822-C139-4698-AE8B-3A789B6A22CC}.Release|Any CPU.Build.0 = Release|Any CPU
		{9EBA353D-1CAB-454B-99B8-E6939329F191}.Debug|Any CPU.ActiveCfg = Debug|Any CPU
		{9EBA353D-1CAB-454B-99B8-E6939329F191}.Debug|Any CPU.Build.0 = Debug|Any CPU
		{9EBA353D-1CAB-454B-99B8-E6939329F191}.Release|Any CPU.ActiveCfg = Release|Any CPU
		{9EBA353D-1CAB-454B-99B8-E6939329F191}.Release|Any CPU.Build.0 = Release|Any CPU
		{535B6A0A-8ED5-4580-ABAE-CD7E251578F8}.Debug|Any CPU.ActiveCfg = Debug|Any CPU
		{535B6A0A-8ED5-4580-ABAE-CD7E251578F8}.Debug|Any CPU.Build.0 = Debug|Any CPU
		{535B6A0A-8ED5-4580-ABAE-CD7E251578F8}.Release|Any CPU.ActiveCfg = Release|Any CPU
		{535B6A0A-8ED5-4580-ABAE-CD7E251578F8}.Release|Any CPU.Build.0 = Release|Any CPU
		{898632ED-A492-4401-91F0-DF7774B65EFF}.Debug|Any CPU.ActiveCfg = Debug|Any CPU
		{898632ED-A492-4401-91F0-DF7774B65EFF}.Debug|Any CPU.Build.0 = Debug|Any CPU
		{898632ED-A492-4401-91F0-DF7774B65EFF}.Release|Any CPU.ActiveCfg = Release|Any CPU
		{898632ED-A492-4401-91F0-DF7774B65EFF}.Release|Any CPU.Build.0 = Release|Any CPU
		{AB7F9C0D-A7CD-4D75-A896-E09AA21C5EED}.Debug|Any CPU.ActiveCfg = Debug|Any CPU
		{AB7F9C0D-A7CD-4D75-A896-E09AA21C5EED}.Debug|Any CPU.Build.0 = Debug|Any CPU
		{AB7F9C0D-A7CD-4D75-A896-E09AA21C5EED}.Release|Any CPU.ActiveCfg = Release|Any CPU
		{AB7F9C0D-A7CD-4D75-A896-E09AA21C5EED}.Release|Any CPU.Build.0 = Release|Any CPU
		{57FF1047-A415-467C-AA41-706E4BAC439F}.Debug|Any CPU.ActiveCfg = Debug|Any CPU
		{57FF1047-A415-467C-AA41-706E4BAC439F}.Debug|Any CPU.Build.0 = Debug|Any CPU
		{57FF1047-A415-467C-AA41-706E4BAC439F}.Release|Any CPU.ActiveCfg = Release|Any CPU
		{57FF1047-A415-467C-AA41-706E4BAC439F}.Release|Any CPU.Build.0 = Release|Any CPU
	EndGlobalSection
	GlobalSection(SolutionProperties) = preSolution
		HideSolutionNode = FALSE
	EndGlobalSection
	GlobalSection(NestedProjects) = preSolution
		{0A73A822-C139-4698-AE8B-3A789B6A22CC} = {C0AC018E-DC22-4C67-9B1D-38AFACBA15EE}
		{9EBA353D-1CAB-454B-99B8-E6939329F191} = {C0AC018E-DC22-4C67-9B1D-38AFACBA15EE}
		{535B6A0A-8ED5-4580-ABAE-CD7E251578F8} = {37511222-F988-485D-8EBD-51DF5B16BE3A}
		{8D73527E-093B-40A6-B7FF-557FD4776814} = {F5EE8DF1-21D7-4FB3-8172-B37472E8BACC}
		{37511222-F988-485D-8EBD-51DF5B16BE3A} = {F5EE8DF1-21D7-4FB3-8172-B37472E8BACC}
		{898632ED-A492-4401-91F0-DF7774B65EFF} = {8D73527E-093B-40A6-B7FF-557FD4776814}
		{C0AC018E-DC22-4C67-9B1D-38AFACBA15EE} = {EDCDBDD4-0E2A-4D6F-972C-C4AD09D8712B}
		{E3B24B6F-9363-4683-A64D-EBFCDA4CAF61} = {EDCDBDD4-0E2A-4D6F-972C-C4AD09D8712B}
		{379A2B75-39F8-48D1-830A-0B0B8817E0DE} = {F5EE8DF1-21D7-4FB3-8172-B37472E8BACC}
		{AB7F9C0D-A7CD-4D75-A896-E09AA21C5EED} = {E3B24B6F-9363-4683-A64D-EBFCDA4CAF61}
		{57FF1047-A415-467C-AA41-706E4BAC439F} = {E3B24B6F-9363-4683-A64D-EBFCDA4CAF61}
	EndGlobalSection
EndGlobal
